
Microsoft Visual Studio Solution File, Format Version 12.00
# Visual Studio Version 16
VisualStudioVersion = 16.0.31424.327
MinimumVisualStudioVersion = 10.0.40219.1
Project("{FAE04EC0-301F-11D3-BF4B-00C04F79EFBC}") = "TodoApi", "TodoApi\TodoApi.csproj", "{7F6BE590-8E4C-48D8-A699-81E4348D89E3}"
EndProject
Global
	GlobalSection(SolutionConfigurationPlatforms) = preSolution
		Debug|Any CPU = Debug|Any CPU
		Release|Any CPU = Release|Any CPU
	EndGlobalSection
	GlobalSection(ProjectConfigurationPlatforms) = postSolution
		{7F6BE590-8E4C-48D8-A699-81E4348D89E3}.Debug|Any CPU.ActiveCfg = Debug|Any CPU
		{7F6BE590-8E4C-48D8-A699-81E4348D89E3}.Debug|Any CPU.Build.0 = Debug|Any CPU
		{7F6BE590-8E4C-48D8-A699-81E4348D89E3}.Release|Any CPU.ActiveCfg = Release|Any CPU
		{7F6BE590-8E4C-48D8-A699-81E4348D89E3}.Release|Any CPU.Build.0 = Release|Any CPU
	EndGlobalSection
	GlobalSection(SolutionProperties) = preSolution
		HideSolutionNode = FALSE
	EndGlobalSection
	GlobalSection(ExtensibilityGlobals) = postSolution
		SolutionGuid = {0FF1BB50-AADF-45F5-AA6A-E31F753B19DD}
	EndGlobalSection
EndGlobal
